{
  "requires": true,
  "lockfileVersion": 1,
  "dependencies": {
    "countup.js": {
      "version": "2.2.0",
      "resolved": "https://registry.npmjs.org/countup.js/-/countup.js-2.2.0.tgz",
      "integrity": "sha512-m0TvFNXm9/eFqJm+QiKVI8e0wRUHzlQSewz9dqVjlhl2DFoZtceLbomwzxHz0hJ1+r4zBC7wSpR/TpthG49h6g=="
    }
  }
}
